
Microsoft Visual Studio Solution File, Format Version 11.00
# Visual Studio 2010
Project("{FAE04EC0-301F-11D3-BF4B-00C04F79EFBC}") = "Assembly-CSharp", "Assembly-CSharp.csproj", "{df0744c2-cbcb-443c-0ffa-d1d106112045}"
EndProject
Project("{FAE04EC0-301F-11D3-BF4B-00C04F79EFBC}") = "Assembly-CSharp-firstpass", "Assembly-CSharp-firstpass.csproj", "{4b881202-bdd8-86f0-e233-67a207b468cb}"
EndProject
Project("{FAE04EC0-301F-11D3-BF4B-00C04F79EFBC}") = "Assembly-CSharp-Editor-firstpass", "Assembly-CSharp-Editor-firstpass.csproj", "{9f7aeebb-419b-0883-2399-9b3a4d5234ec}"
EndProject
Global
	GlobalSection(SolutionConfigurationPlatforms) = preSolution
		Debug|Any CPU = Debug|Any CPU
	EndGlobalSection
	GlobalSection(ProjectConfigurationPlatforms) = postSolution
		{df0744c2-cbcb-443c-0ffa-d1d106112045}.Debug|Any CPU.ActiveCfg = Debug|Any CPU
		{df0744c2-cbcb-443c-0ffa-d1d106112045}.Debug|Any CPU.Build.0 = Debug|Any CPU
		{4b881202-bdd8-86f0-e233-67a207b468cb}.Debug|Any CPU.ActiveCfg = Debug|Any CPU
		{4b881202-bdd8-86f0-e233-67a207b468cb}.Debug|Any CPU.Build.0 = Debug|Any CPU
		{9f7aeebb-419b-0883-2399-9b3a4d5234ec}.Debug|Any CPU.ActiveCfg = Debug|Any CPU
		{9f7aeebb-419b-0883-2399-9b3a4d5234ec}.Debug|Any CPU.Build.0 = Debug|Any CPU
	EndGlobalSection
	GlobalSection(SolutionProperties) = preSolution
		HideSolutionNode = FALSE
	EndGlobalSection
EndGlobal
